version: 6
environments:
  default:
    channels:
    - url: https://mirrors.tuna.tsinghua.edu.cn/anaconda/cloud/conda-forge/
    - url: https://mirrors.tuna.tsinghua.edu.cn/anaconda/cloud/pytorch/
    - url: https://conda.anaconda.org/nvidia/
    options:
      pypi-prerelease-mode: if-necessary-or-explicit
    packages:
      linux-64:
      - conda: https://mirrors.tuna.tsinghua.edu.cn/anaconda/cloud/conda-forge/linux-64/_openmp_mutex-4.5-20_gnu.conda
      - conda: https://mirrors.tuna.tsinghua.edu.cn/anaconda/cloud/conda-forge/linux-64/binutils_impl_linux-64-2.45.1-default_hfdba357_101.conda
      - conda: https://mirrors.tuna.tsinghua.edu.cn/anaconda/cloud/conda-forge/linux-64/bzip2-1.0.8-hda65f42_9.conda
      - conda: https://mirrors.tuna.tsinghua.edu.cn/anaconda/cloud/conda-forge/linux-64/c-ares-1.34.6-hb03c661_0.conda
      - conda: https://mirrors.tuna.tsinghua.edu.cn/anaconda/cloud/conda-forge/noarch/ca-certificates-2026.2.25-hbd8a1cb_0.conda
      - conda: https://mirrors.tuna.tsinghua.edu.cn/anaconda/cloud/conda-forge/linux-64/cmake-4.2.3-hc85cc9f_1.conda
      - conda: https://mirrors.tuna.tsinghua.edu.cn/anaconda/cloud/conda-forge/linux-64/gcc-15.2.0-h6f77f03_18.conda
      - conda: https://mirrors.tuna.tsinghua.edu.cn/anaconda/cloud/conda-forge/linux-64/gcc_impl_linux-64-15.2.0-he420e7e_18.conda
      - conda: https://mirrors.tuna.tsinghua.edu.cn/anaconda/cloud/conda-forge/linux-64/gxx-15.2.0-h76987e4_18.conda
      - conda: https://mirrors.tuna.tsinghua.edu.cn/anaconda/cloud/conda-forge/linux-64/gxx_impl_linux-64-15.2.0-hda75c37_18.conda
      - conda: https://mirrors.tuna.tsinghua.edu.cn/anaconda/cloud/conda-forge/noarch/kernel-headers_linux-64-4.18.0-he073ed8_9.conda
      - conda: https://mirrors.tuna.tsinghua.edu.cn/anaconda/cloud/conda-forge/linux-64/keyutils-1.6.3-hb9d3cd8_0.conda
      - conda: https://mirrors.tuna.tsinghua.edu.cn/anaconda/cloud/conda-forge/linux-64/krb5-1.22.2-ha1258a1_0.conda
      - conda: https://mirrors.tuna.tsinghua.edu.cn/anaconda/cloud/conda-forge/linux-64/ld_impl_linux-64-2.45.1-default_hbd61a6d_101.conda
      - conda: https://mirrors.tuna.tsinghua.edu.cn/anaconda/cloud/conda-forge/linux-64/libcurl-8.19.0-hcf29cc6_0.conda
      - conda: https://mirrors.tuna.tsinghua.edu.cn/anaconda/cloud/conda-forge/linux-64/libedit-3.1.20250104-pl5321h7949ede_0.conda
      - conda: https://mirrors.tuna.tsinghua.edu.cn/anaconda/cloud/conda-forge/linux-64/libev-4.33-hd590300_2.conda
      - conda: https://mirrors.tuna.tsinghua.edu.cn/anaconda/cloud/conda-forge/linux-64/libexpat-2.7.4-hecca717_0.conda
      - conda: https://mirrors.tuna.tsinghua.edu.cn/anaconda/cloud/conda-forge/linux-64/libgcc-15.2.0-he0feb66_18.conda
      - conda: https://mirrors.tuna.tsinghua.edu.cn/anaconda/cloud/conda-forge/noarch/libgcc-devel_linux-64-15.2.0-hcc6f6b0_118.conda
      - conda: https://mirrors.tuna.tsinghua.edu.cn/anaconda/cloud/conda-forge/linux-64/libgcc-ng-15.2.0-h69a702a_18.conda
      - conda: https://mirrors.tuna.tsinghua.edu.cn/anaconda/cloud/conda-forge/linux-64/libgomp-15.2.0-he0feb66_18.conda
      - conda: https://mirrors.tuna.tsinghua.edu.cn/anaconda/cloud/conda-forge/linux-64/liblzma-5.8.2-hb03c661_0.conda
      - conda: https://mirrors.tuna.tsinghua.edu.cn/anaconda/cloud/conda-forge/linux-64/libnghttp2-1.67.0-had1ee68_0.conda
      - conda: https://mirrors.tuna.tsinghua.edu.cn/anaconda/cloud/conda-forge/linux-64/libsanitizer-15.2.0-h90f66d4_18.conda
      - conda: https://mirrors.tuna.tsinghua.edu.cn/anaconda/cloud/conda-forge/linux-64/libssh2-1.11.1-hcf80075_0.conda
      - conda: https://mirrors.tuna.tsinghua.edu.cn/anaconda/cloud/conda-forge/linux-64/libstdcxx-15.2.0-h934c35e_18.conda
      - conda: https://mirrors.tuna.tsinghua.edu.cn/anaconda/cloud/conda-forge/noarch/libstdcxx-devel_linux-64-15.2.0-hd446a21_118.conda
      - conda: https://mirrors.tuna.tsinghua.edu.cn/anaconda/cloud/conda-forge/linux-64/libuv-1.51.0-hb03c661_1.conda
      - conda: https://mirrors.tuna.tsinghua.edu.cn/anaconda/cloud/conda-forge/linux-64/libzlib-1.3.1-hb9d3cd8_2.conda
      - conda: https://mirrors.tuna.tsinghua.edu.cn/anaconda/cloud/conda-forge/linux-64/make-4.4.1-hb9d3cd8_2.conda
      - conda: https://mirrors.tuna.tsinghua.edu.cn/anaconda/cloud/conda-forge/linux-64/ncurses-6.5-h2d0b736_3.conda
      - conda: https://mirrors.tuna.tsinghua.edu.cn/anaconda/cloud/conda-forge/linux-64/openssl-3.6.1-h35e630c_1.conda
      - conda: https://mirrors.tuna.tsinghua.edu.cn/anaconda/cloud/conda-forge/linux-64/rhash-1.4.6-hb9d3cd8_1.conda
      - conda: https://mirrors.tuna.tsinghua.edu.cn/anaconda/cloud/conda-forge/noarch/sysroot_linux-64-2.28-h4ee821c_9.conda
      - conda: https://mirrors.tuna.tsinghua.edu.cn/anaconda/cloud/conda-forge/noarch/tzdata-2025c-hc9c84f9_1.conda
      - conda: https://mirrors.tuna.tsinghua.edu.cn/anaconda/cloud/conda-forge/linux-64/zstd-1.5.7-hb78ec9c_6.conda
packages:
- conda: https://mirrors.tuna.tsinghua.edu.cn/anaconda/cloud/conda-forge/linux-64/_openmp_mutex-4.5-20_gnu.conda
  build_number: 20
  sha256: 1dd3fffd892081df9726d7eb7e0dea6198962ba775bd88842135a4ddb4deb3c9
  md5: a9f577daf3de00bca7c3c76c0ecbd1de
  depends:
  - __glibc >=2.17,<3.0.a0
  - libgomp >=7.5.0
  constrains:
  - openmp_impl <0.0a0
  license: BSD-3-Clause
  license_family: BSD
  size: 28948
  timestamp: 1770939786096
- conda: https://mirrors.tuna.tsinghua.edu.cn/anaconda/cloud/conda-forge/linux-64/binutils_impl_linux-64-2.45.1-default_hfdba357_101.conda
  sha256: 74341b26a2b9475dc14ba3cf12432fcd10a23af285101883e720216d81d44676
  md5: 83aa53cb3f5fc849851a84d777a60551
  depends:
  - ld_impl_linux-64 2.45.1 default_hbd61a6d_101
  - sysroot_linux-64
  - zstd >=1.5.7,<1.6.0a0
  license: GPL-3.0-only
  license_family: GPL
  size: 3744895
  timestamp: 1770267152681
- conda: https://mirrors.tuna.tsinghua.edu.cn/anaconda/cloud/conda-forge/linux-64/bzip2-1.0.8-hda65f42_9.conda
  sha256: 0b75d45f0bba3e95dc693336fa51f40ea28c980131fec438afb7ce6118ed05f6
  md5: d2ffd7602c02f2b316fd921d39876885
  depends:
  - __glibc >=2.17,<3.0.a0
  - libgcc >=14
  license: bzip2-1.0.6
  license_family: BSD
  size: 260182
  timestamp: 1771350215188
- conda: https://mirrors.tuna.tsinghua.edu.cn/anaconda/cloud/conda-forge/linux-64/c-ares-1.34.6-hb03c661_0.conda
  sha256: cc9accf72fa028d31c2a038460787751127317dcfa991f8d1f1babf216bb454e
  md5: 920bb03579f15389b9e512095ad995b7
  depends:
  - __glibc >=2.17,<3.0.a0
  - libgcc >=14
  license: MIT
  license_family: MIT
  size: 207882
  timestamp: 1765214722852
- conda: https://mirrors.tuna.tsinghua.edu.cn/anaconda/cloud/conda-forge/noarch/ca-certificates-2026.2.25-hbd8a1cb_0.conda
  sha256: 67cc7101b36421c5913a1687ef1b99f85b5d6868da3abbf6ec1a4181e79782fc
  md5: 4492fd26db29495f0ba23f146cd5638d
  depends:
  - __unix
  license: ISC
  size: 147413
  timestamp: 1772006283803
- conda: https://mirrors.tuna.tsinghua.edu.cn/anaconda/cloud/conda-forge/linux-64/cmake-4.2.3-hc85cc9f_1.conda
  sha256: 5ece78754577b8d9030ec1f09ce1cd481125f27d8d6fcdcfe2c1017661830c61
  md5: 51d37989c1758b5edfe98518088bf700
  depends:
  - __glibc >=2.17,<3.0.a0
  - bzip2 >=1.0.8,<2.0a0
  - libcurl >=8.18.0,<9.0a0
  - libexpat >=2.7.4,<3.0a0
  - libgcc >=14
  - liblzma >=5.8.2,<6.0a0
  - libstdcxx >=14
  - libuv >=1.51.0,<2.0a0
  - libzlib >=1.3.1,<2.0a0
  - ncurses >=6.5,<7.0a0
  - rhash >=1.4.6,<2.0a0
  - zstd >=1.5.7,<1.6.0a0
  license: BSD-3-Clause
  license_family: BSD
  size: 22330508
  timestamp: 1771383666798
- conda: https://mirrors.tuna.tsinghua.edu.cn/anaconda/cloud/conda-forge/linux-64/gcc-15.2.0-h6f77f03_18.conda
  sha256: d120a7616f8b2717fc2a9d0246b53f69ce3fb33e565d22dba44e3d6827ee4f12
  md5: 094638a454410aa77586ffcc9a403aef
  depends:
  - gcc_impl_linux-64 15.2.0 he420e7e_18
  track_features:
  - gcc_no_conda_specs
  license: BSD-3-Clause
  license_family: BSD
  size: 29453
  timestamp: 1771378662937
- conda: https://mirrors.tuna.tsinghua.edu.cn/anaconda/cloud/conda-forge/linux-64/gcc_impl_linux-64-15.2.0-he420e7e_18.conda
  sha256: a088cfd3ae6fa83815faa8703bc9d21cc915f17bd1b51aac9c16ddf678da21e4
  md5: cf56b6d74f580b91fd527e10d9a2e324
  depends:
  - binutils_impl_linux-64 >=2.45
  - libgcc >=15.2.0
  - libgcc-devel_linux-64 15.2.0 hcc6f6b0_118
  - libgomp >=15.2.0
  - libsanitizer 15.2.0 h90f66d4_18
  - libstdcxx >=15.2.0
  - libstdcxx-devel_linux-64 15.2.0 hd446a21_118
  - sysroot_linux-64
  license: GPL-3.0-only WITH GCC-exception-3.1
  license_family: GPL
  size: 81814135
  timestamp: 1771378369317
- conda: https://mirrors.tuna.tsinghua.edu.cn/anaconda/cloud/conda-forge/linux-64/gxx-15.2.0-h76987e4_18.conda
  sha256: 2d0f5eb8b2dce1e799e5bd70e874d6dfc62bed76f3f6aef21eba711db8c1b95b
  md5: d2858ce79166e9afc367bd064d73e112
  depends:
  - gcc 15.2.0 h6f77f03_18
  - gxx_impl_linux-64 15.2.0 hda75c37_18
  license: BSD-3-Clause
  license_family: BSD
  size: 28723
  timestamp: 1771378698305
- conda: https://mirrors.tuna.tsinghua.edu.cn/anaconda/cloud/conda-forge/linux-64/gxx_impl_linux-64-15.2.0-hda75c37_18.conda
  sha256: 48946f1f43d699b68123fb39329ef5acf3d9cbf8f96bdb8fb14b6197f5402825
  md5: e39123ab71f2e4cf989aa6aa5fafdaaf
  depends:
  - gcc_impl_linux-64 15.2.0 he420e7e_18
  - libstdcxx-devel_linux-64 15.2.0 hd446a21_118
  - sysroot_linux-64
  - tzdata
  license: GPL-3.0-only WITH GCC-exception-3.1
  license_family: GPL
  size: 15587873
  timestamp: 1771378609722
- conda: https://mirrors.tuna.tsinghua.edu.cn/anaconda/cloud/conda-forge/noarch/kernel-headers_linux-64-4.18.0-he073ed8_9.conda
  sha256: 41557eeadf641de6aeae49486cef30d02a6912d8da98585d687894afd65b356a
  md5: 86d9cba083cd041bfbf242a01a7a1999
  constrains:
  - sysroot_linux-64 ==2.28
  license: LGPL-2.0-or-later AND LGPL-2.0-or-later WITH exceptions AND GPL-2.0-or-later
  license_family: GPL
  size: 1278712
  timestamp: 1765578681495
- conda: https://mirrors.tuna.tsinghua.edu.cn/anaconda/cloud/conda-forge/linux-64/keyutils-1.6.3-hb9d3cd8_0.conda
  sha256: 0960d06048a7185d3542d850986d807c6e37ca2e644342dd0c72feefcf26c2a4
  md5: b38117a3c920364aff79f870c984b4a3
  depends:
  - __glibc >=2.17,<3.0.a0
  - libgcc >=13
  license: LGPL-2.1-or-later
  size: 134088
  timestamp: 1754905959823
- conda: https://mirrors.tuna.tsinghua.edu.cn/anaconda/cloud/conda-forge/linux-64/krb5-1.22.2-ha1258a1_0.conda
  sha256: 3e307628ca3527448dd1cb14ad7bb9d04d1d28c7d4c5f97ba196ae984571dd25
  md5: fb53fb07ce46a575c5d004bbc96032c2
  depends:
  - __glibc >=2.17,<3.0.a0
  - keyutils >=1.6.3,<2.0a0
  - libedit >=3.1.20250104,<3.2.0a0
  - libedit >=3.1.20250104,<4.0a0
  - libgcc >=14
  - libstdcxx >=14
  - openssl >=3.5.5,<4.0a0
  license: MIT
  license_family: MIT
  size: 1386730
  timestamp: 1769769569681
- conda: https://mirrors.tuna.tsinghua.edu.cn/anaconda/cloud/conda-forge/linux-64/ld_impl_linux-64-2.45.1-default_hbd61a6d_101.conda
  sha256: 565941ac1f8b0d2f2e8f02827cbca648f4d18cd461afc31f15604cd291b5c5f3
  md5: 12bd9a3f089ee6c9266a37dab82afabd
  depends:
  - __glibc >=2.17,<3.0.a0
  - zstd >=1.5.7,<1.6.0a0
  constrains:
  - binutils_impl_linux-64 2.45.1
  license: GPL-3.0-only
  license_family: GPL
  size: 725507
  timestamp: 1770267139900
- conda: https://mirrors.tuna.tsinghua.edu.cn/anaconda/cloud/conda-forge/linux-64/libcurl-8.19.0-hcf29cc6_0.conda
  sha256: a0390fd0536ebcd2244e243f5f00ab8e76ab62ed9aa214cd54470fe7496620f4
  md5: d50608c443a30c341c24277d28290f76
  depends:
  - __glibc >=2.17,<3.0.a0
  - krb5 >=1.22.2,<1.23.0a0
  - libgcc >=14
  - libnghttp2 >=1.67.0,<2.0a0
  - libssh2 >=1.11.1,<2.0a0
  - libzlib >=1.3.1,<2.0a0
  - openssl >=3.5.5,<4.0a0
  - zstd >=1.5.7,<1.6.0a0
  license: curl
  license_family: MIT
  size: 466704
  timestamp: 1773218522665
- conda: https://mirrors.tuna.tsinghua.edu.cn/anaconda/cloud/conda-forge/linux-64/libedit-3.1.20250104-pl5321h7949ede_0.conda
  sha256: d789471216e7aba3c184cd054ed61ce3f6dac6f87a50ec69291b9297f8c18724
  md5: c277e0a4d549b03ac1e9d6cbbe3d017b
  depends:
  - ncurses
  - __glibc >=2.17,<3.0.a0
  - libgcc >=13
  - ncurses >=6.5,<7.0a0
  license: BSD-2-Clause
  license_family: BSD
  size: 134676
  timestamp: 1738479519902
- conda: https://mirrors.tuna.tsinghua.edu.cn/anaconda/cloud/conda-forge/linux-64/libev-4.33-hd590300_2.conda
  sha256: 1cd6048169fa0395af74ed5d8f1716e22c19a81a8a36f934c110ca3ad4dd27b4
  md5: 172bf1cd1ff8629f2b1179945ed45055
  depends:
  - libgcc-ng >=12
  license: BSD-2-Clause
  license_family: BSD
  size: 112766
  timestamp: 1702146165126
- conda: https://mirrors.tuna.tsinghua.edu.cn/anaconda/cloud/conda-forge/linux-64/libexpat-2.7.4-hecca717_0.conda
  sha256: d78f1d3bea8c031d2f032b760f36676d87929b18146351c4464c66b0869df3f5
  md5: e7f7ce06ec24cfcfb9e36d28cf82ba57
  depends:
  - __glibc >=2.17,<3.0.a0
  - libgcc >=14
  constrains:
  - expat 2.7.4.*
  license: MIT
  license_family: MIT
  size: 76798
  timestamp: 1771259418166
- conda: https://mirrors.tuna.tsinghua.edu.cn/anaconda/cloud/conda-forge/linux-64/libgcc-15.2.0-he0feb66_18.conda
  sha256: faf7d2017b4d718951e3a59d081eb09759152f93038479b768e3d612688f83f5
  md5: 0aa00f03f9e39fb9876085dee11a85d4
  depends:
  - __glibc >=2.17,<3.0.a0
  - _openmp_mutex >=4.5
  constrains:
  - libgcc-ng ==15.2.0=*_18
  - libgomp 15.2.0 he0feb66_18
  license: GPL-3.0-only WITH GCC-exception-3.1
  license_family: GPL
  size: 1041788
  timestamp: 1771378212382
- conda: https://mirrors.tuna.tsinghua.edu.cn/anaconda/cloud/conda-forge/noarch/libgcc-devel_linux-64-15.2.0-hcc6f6b0_118.conda
  sha256: af69fc5852908d26e5b630b270982ac792506551dd6af1614bf0370dd5ab5746
  md5: 5d3a96d55f1be45fef88ee23155effd9
  depends:
  - __unix
  license: GPL-3.0-only WITH GCC-exception-3.1
  license_family: GPL
  size: 3085932
  timestamp: 1771378098166
- conda: https://mirrors.tuna.tsinghua.edu.cn/anaconda/cloud/conda-forge/linux-64/libgcc-ng-15.2.0-h69a702a_18.conda
  sha256: e318a711400f536c81123e753d4c797a821021fb38970cebfb3f454126016893
  md5: d5e96b1ed75ca01906b3d2469b4ce493
  depends:
  - libgcc 15.2.0 he0feb66_18
  license: GPL-3.0-only WITH GCC-exception-3.1
  license_family: GPL
  size: 27526
  timestamp: 1771378224552
- conda: https://mirrors.tuna.tsinghua.edu.cn/anaconda/cloud/conda-forge/linux-64/libgomp-15.2.0-he0feb66_18.conda
  sha256: 21337ab58e5e0649d869ab168d4e609b033509de22521de1bfed0c031bfc5110
  md5: 239c5e9546c38a1e884d69effcf4c882
  depends:
  - __glibc >=2.17,<3.0.a0
  license: GPL-3.0-only WITH GCC-exception-3.1
  license_family: GPL
  size: 603262
  timestamp: 1771378117851
- conda: https://mirrors.tuna.tsinghua.edu.cn/anaconda/cloud/conda-forge/linux-64/liblzma-5.8.2-hb03c661_0.conda
  sha256: 755c55ebab181d678c12e49cced893598f2bab22d582fbbf4d8b83c18be207eb
  md5: c7c83eecbb72d88b940c249af56c8b17
  depends:
  - __glibc >=2.17,<3.0.a0
  - libgcc >=14
  constrains:
  - xz 5.8.2.*
  license: 0BSD
  size: 113207
  timestamp: 1768752626120
- conda: https://mirrors.tuna.tsinghua.edu.cn/anaconda/cloud/conda-forge/linux-64/libnghttp2-1.67.0-had1ee68_0.conda
  sha256: a4a7dab8db4dc81c736e9a9b42bdfd97b087816e029e221380511960ac46c690
  md5: b499ce4b026493a13774bcf0f4c33849
  depends:
  - __glibc >=2.17,<3.0.a0
  - c-ares >=1.34.5,<2.0a0
  - libev >=4.33,<4.34.0a0
  - libev >=4.33,<5.0a0
  - libgcc >=14
  - libstdcxx >=14
  - libzlib >=1.3.1,<2.0a0
  - openssl >=3.5.2,<4.0a0
  license: MIT
  license_family: MIT
  size: 666600
  timestamp: 1756834976695
- conda: https://mirrors.tuna.tsinghua.edu.cn/anaconda/cloud/conda-forge/linux-64/libsanitizer-15.2.0-h90f66d4_18.conda
  sha256: 0329e23d54a567c259adc962a62172eaa55e6ca33c105ef67b4f3cdb4ef70eaa
  md5: ff754fbe790d4e70cf38aea3668c3cb3
  depends:
  - __glibc >=2.17,<3.0.a0
  - libgcc >=15.2.0
  - libstdcxx >=15.2.0
  license: GPL-3.0-only WITH GCC-exception-3.1
  license_family: GPL
  size: 8095113
  timestamp: 1771378289674
- conda: https://mirrors.tuna.tsinghua.edu.cn/anaconda/cloud/conda-forge/linux-64/libssh2-1.11.1-hcf80075_0.conda
  sha256: fa39bfd69228a13e553bd24601332b7cfeb30ca11a3ca50bb028108fe90a7661
  md5: eecce068c7e4eddeb169591baac20ac4
  depends:
  - __glibc >=2.17,<3.0.a0
  - libgcc >=13
  - libzlib >=1.3.1,<2.0a0
  - openssl >=3.5.0,<4.0a0
  license: BSD-3-Clause
  license_family: BSD
  size: 304790
  timestamp: 1745608545575
- conda: https://mirrors.tuna.tsinghua.edu.cn/anaconda/cloud/conda-forge/linux-64/libstdcxx-15.2.0-h934c35e_18.conda
  sha256: 78668020064fdaa27e9ab65cd2997e2c837b564ab26ce3bf0e58a2ce1a525c6e
  md5: 1b08cd684f34175e4514474793d44bcb
  depends:
  - __glibc >=2.17,<3.0.a0
  - libgcc 15.2.0 he0feb66_18
  constrains:
  - libstdcxx-ng ==15.2.0=*_18
  license: GPL-3.0-only WITH GCC-exception-3.1
  license_family: GPL
  size: 5852330
  timestamp: 1771378262446
- conda: https://mirrors.tuna.tsinghua.edu.cn/anaconda/cloud/conda-forge/noarch/libstdcxx-devel_linux-64-15.2.0-hd446a21_118.conda
  sha256: 138ee40ba770abf4556ee9981879da9e33299f406a450831b48c1c397d7d0833
  md5: a50630d1810916fc252b2152f1dc9d6d
  depends:
  - __unix
  license: GPL-3.0-only WITH GCC-exception-3.1
  license_family: GPL
  size: 20669511
  timestamp: 1771378139786
- conda: https://mirrors.tuna.tsinghua.edu.cn/anaconda/cloud/conda-forge/linux-64/libuv-1.51.0-hb03c661_1.conda
  sha256: c180f4124a889ac343fc59d15558e93667d894a966ec6fdb61da1604481be26b
  md5: 0f03292cc56bf91a077a134ea8747118
  depends:
  - __glibc >=2.17,<3.0.a0
  - libgcc >=14
  license: MIT
  license_family: MIT
  size: 895108
  timestamp: 1753948278280
- conda: https://mirrors.tuna.tsinghua.edu.cn/anaconda/cloud/conda-forge/linux-64/libzlib-1.3.1-hb9d3cd8_2.conda
  sha256: d4bfe88d7cb447768e31650f06257995601f89076080e76df55e3112d4e47dc4
  md5: edb0dca6bc32e4f4789199455a1dbeb8
  depends:
  - __glibc >=2.17,<3.0.a0
  - libgcc >=13
  constrains:
  - zlib 1.3.1 *_2
  license: Zlib
  license_family: Other
  size: 60963
  timestamp: 1727963148474
- conda: https://mirrors.tuna.tsinghua.edu.cn/anaconda/cloud/conda-forge/linux-64/make-4.4.1-hb9d3cd8_2.conda
  sha256: d652c7bd4d3b6f82b0f6d063b0d8df6f54cc47531092d7ff008e780f3261bdda
  md5: 33405d2a66b1411db9f7242c8b97c9e7
  depends:
  - __glibc >=2.17,<3.0.a0
  - libgcc >=13
  license: GPL-3.0-or-later
  license_family: GPL
  size: 513088
  timestamp: 1727801714848
- conda: https://mirrors.tuna.tsinghua.edu.cn/anaconda/cloud/conda-forge/linux-64/ncurses-6.5-h2d0b736_3.conda
  sha256: 3fde293232fa3fca98635e1167de6b7c7fda83caf24b9d6c91ec9eefb4f4d586
  md5: 47e340acb35de30501a76c7c799c41d7
  depends:
  - __glibc >=2.17,<3.0.a0
  - libgcc >=13
  license: X11 AND BSD-3-Clause
  size: 891641
  timestamp: 1738195959188
- conda: https://mirrors.tuna.tsinghua.edu.cn/anaconda/cloud/conda-forge/linux-64/openssl-3.6.1-h35e630c_1.conda
  sha256: 44c877f8af015332a5d12f5ff0fb20ca32f896526a7d0cdb30c769df1144fb5c
  md5: f61eb8cd60ff9057122a3d338b99c00f
  depends:
  - __glibc >=2.17,<3.0.a0
  - ca-certificates
  - libgcc >=14
  license: Apache-2.0
  license_family: Apache
  size: 3164551
  timestamp: 1769555830639
- conda: https://mirrors.tuna.tsinghua.edu.cn/anaconda/cloud/conda-forge/linux-64/rhash-1.4.6-hb9d3cd8_1.conda
  sha256: d5c73079c1dd2c2a313c3bfd81c73dbd066b7eb08d213778c8bff520091ae894
  md5: c1c9b02933fdb2cfb791d936c20e887e
  depends:
  - __glibc >=2.17,<3.0.a0
  - libgcc >=13
  license: MIT
  license_family: MIT
  size: 193775
  timestamp: 1748644872902
- conda: https://mirrors.tuna.tsinghua.edu.cn/anaconda/cloud/conda-forge/noarch/sysroot_linux-64-2.28-h4ee821c_9.conda
  sha256: c47299fe37aebb0fcf674b3be588e67e4afb86225be4b0d452c7eb75c086b851
  md5: 13dc3adbc692664cd3beabd216434749
  depends:
  - __glibc >=2.28
  - kernel-headers_linux-64 4.18.0 he073ed8_9
  - tzdata
  license: LGPL-2.0-or-later AND LGPL-2.0-or-later WITH exceptions AND GPL-2.0-or-later
  license_family: GPL
  size: 24008591
  timestamp: 1765578833462
- conda: https://mirrors.tuna.tsinghua.edu.cn/anaconda/cloud/conda-forge/noarch/tzdata-2025c-hc9c84f9_1.conda
  sha256: 1d30098909076af33a35017eed6f2953af1c769e273a0626a04722ac4acaba3c
  md5: ad659d0a2b3e47e38d829aa8cad2d610
  license: LicenseRef-Public-Domain
  size: 119135
  timestamp: 1767016325805
- conda: https://mirrors.tuna.tsinghua.edu.cn/anaconda/cloud/conda-forge/linux-64/zstd-1.5.7-hb78ec9c_6.conda
  sha256: 68f0206ca6e98fea941e5717cec780ed2873ffabc0e1ed34428c061e2c6268c7
  md5: 4a13eeac0b5c8e5b8ab496e6c4ddd829
  depends:
  - __glibc >=2.17,<3.0.a0
  - libzlib >=1.3.1,<2.0a0
  license: BSD-3-Clause
  license_family: BSD
  size: 601375
  timestamp: 1764777111296
